
Microsoft Visual Studio Solution File, Format Version 12.00
# Visual Studio Version 17
VisualStudioVersion = 17.11.35327.3
MinimumVisualStudioVersion = 10.0.40219.1
Project("{FAE04EC0-301F-11D3-BF4B-00C04F79EFBC}") = "Frontend", "Frontend.csproj", "{49686CFE-C574-4244-8ACE-68CE5F46D030}"
EndProject
Global
	GlobalSection(SolutionConfigurationPlatforms) = preSolution
		Debug|Any CPU = Debug|Any CPU
		Release|Any CPU = Release|Any CPU
	EndGlobalSection
	GlobalSection(ProjectConfigurationPlatforms) = postSolution
		{49686CFE-C574-4244-8ACE-68CE5F46D030}.Debug|Any CPU.ActiveCfg = Debug|Any CPU
		{49686CFE-C574-4244-8ACE-68CE5F46D030}.Debug|Any CPU.Build.0 = Debug|Any CPU
		{49686CFE-C574-4244-8ACE-68CE5F46D030}.Release|Any CPU.ActiveCfg = Release|Any CPU
		{49686CFE-C574-4244-8ACE-68CE5F46D030}.Release|Any CPU.Build.0 = Release|Any CPU
	EndGlobalSection
	GlobalSection(SolutionProperties) = preSolution
		HideSolutionNode = FALSE
	EndGlobalSection
	GlobalSection(ExtensibilityGlobals) = postSolution
		SolutionGuid = {2B70CF4C-FA8F-4198-BC99-0CB78065B389}
	EndGlobalSection
EndGlobal
